
Microsoft Visual Studio Solution File, Format Version 12.00
# Visual Studio 2012
Project("{8BC9CEB8-8B4A-11D0-8D11-00A0C91BC942}") = "Weather Matrix", "Weather Matrix\Weather Matrix.vcxproj", "{272AA856-2D4D-4379-B2D9-C51216B45D6D}"
EndProject
Global
	GlobalSection(SolutionConfigurationPlatforms) = preSolution
		Debug|Win32 = Debug|Win32
		Release|Win32 = Release|Win32
	EndGlobalSection
	GlobalSection(ProjectConfigurationPlatforms) = postSolution
		{272AA856-2D4D-4379-B2D9-C51216B45D6D}.Debug|Win32.ActiveCfg = Debug|Win32
		{272AA856-2D4D-4379-B2D9-C51216B45D6D}.Debug|Win32.Build.0 = Debug|Win32
		{272AA856-2D4D-4379-B2D9-C51216B45D6D}.Release|Win32.ActiveCfg = Release|Win32
		{272AA856-2D4D-4379-B2D9-C51216B45D6D}.Release|Win32.Build.0 = Release|Win32
	EndGlobalSection
	GlobalSection(SolutionProperties) = preSolution
		HideSolutionNode = FALSE
	EndGlobalSection
EndGlobal
